// !$*UTF8*$!
{
	archiveVersion = 1;
	classes = {
	};
	objectVersion = 56;
	objects = {

/* Begin PBXBuildFile section */
		6913433F2C28BF23002EF536 /* LoadState.swift in Sources */ = {isa = PBXBuildFile; fileRef = 6913433E2C28BF23002EF536 /* LoadState.swift */; };
		691343412C28BFD1002EF536 /* UIView + StatefulView.swift in Sources */ = {isa = PBXBuildFile; fileRef = 691343402C28BFD1002EF536 /* UIView + StatefulView.swift */; };
		695412792C2479B800AA46FD /* AppDelegate.swift in Sources */ = {isa = PBXBuildFile; fileRef = 695412782C2479B800AA46FD /* AppDelegate.swift */; };
		6954127B2C2479B800AA46FD /* SceneDelegate.swift in Sources */ = {isa = PBXBuildFile; fileRef = 6954127A2C2479B800AA46FD /* SceneDelegate.swift */; };
		695412822C2479BA00AA46FD /* Assets.xcassets in Resources */ = {isa = PBXBuildFile; fileRef = 695412812C2479BA00AA46FD /* Assets.xcassets */; };
		695412952C24AAF400AA46FD /* APIClient.swift in Sources */ = {isa = PBXBuildFile; fileRef = 695412942C24AAF400AA46FD /* APIClient.swift */; };
		695412982C24ACBE00AA46FD /* Endpoint.swift in Sources */ = {isa = PBXBuildFile; fileRef = 695412972C24ACBE00AA46FD /* Endpoint.swift */; };
		6954129C2C24B1E800AA46FD /* DataTransferEroor.swift in Sources */ = {isa = PBXBuildFile; fileRef = 6954129B2C24B1E800AA46FD /* DataTransferEroor.swift */; };
		6954129F2C24B75800AA46FD /* Dictionary+Serialization.swift in Sources */ = {isa = PBXBuildFile; fileRef = 6954129E2C24B75800AA46FD /* Dictionary+Serialization.swift */; };
		695412A22C25739100AA46FD /* SpacexApi.swift in Sources */ = {isa = PBXBuildFile; fileRef = 695412A12C25739100AA46FD /* SpacexApi.swift */; };
		695412AC2C2585FC00AA46FD /* Network.swift in Sources */ = {isa = PBXBuildFile; fileRef = 695412AB2C2585FC00AA46FD /* Network.swift */; };
		695412BB2C258DA100AA46FD /* MissionListView.swift in Sources */ = {isa = PBXBuildFile; fileRef = 695412BA2C258DA100AA46FD /* MissionListView.swift */; };
		695412BD2C258DB400AA46FD /* MissionListViewModel.swift in Sources */ = {isa = PBXBuildFile; fileRef = 695412BC2C258DB400AA46FD /* MissionListViewModel.swift */; };
		695412C22C259A0700AA46FD /* MissionListRepository.swift in Sources */ = {isa = PBXBuildFile; fileRef = 695412C12C259A0700AA46FD /* MissionListRepository.swift */; };
		695412C72C259E5A00AA46FD /* LaunchesDTO.swift in Sources */ = {isa = PBXBuildFile; fileRef = 695412C62C259E5A00AA46FD /* LaunchesDTO.swift */; };
		695412CA2C25A40500AA46FD /* Launches.swift in Sources */ = {isa = PBXBuildFile; fileRef = 695412C92C25A40500AA46FD /* Launches.swift */; };
		695412CC2C25AE3D00AA46FD /* DocsDTO.swift in Sources */ = {isa = PBXBuildFile; fileRef = 695412CB2C25AE3D00AA46FD /* DocsDTO.swift */; };
		695412CE2C25AE7E00AA46FD /* FairingsDTO.swift in Sources */ = {isa = PBXBuildFile; fileRef = 695412CD2C25AE7E00AA46FD /* FairingsDTO.swift */; };
		695412D02C25AEA500AA46FD /* LinksDTO.swift in Sources */ = {isa = PBXBuildFile; fileRef = 695412CF2C25AEA500AA46FD /* LinksDTO.swift */; };
		695412D22C25B04500AA46FD /* FailuresDTO.swift in Sources */ = {isa = PBXBuildFile; fileRef = 695412D12C25B04400AA46FD /* FailuresDTO.swift */; };
		695412D42C25B11B00AA46FD /* CrewDTO.swift in Sources */ = {isa = PBXBuildFile; fileRef = 695412D32C25B11B00AA46FD /* CrewDTO.swift */; };
		695412D62C25B19C00AA46FD /* CoresDTO.swift in Sources */ = {isa = PBXBuildFile; fileRef = 695412D52C25B19C00AA46FD /* CoresDTO.swift */; };
		695412D82C25B35600AA46FD /* LaunchesPage.swift in Sources */ = {isa = PBXBuildFile; fileRef = 695412D72C25B35600AA46FD /* LaunchesPage.swift */; };
		695412DA2C25F8CE00AA46FD /* Date+String.swift in Sources */ = {isa = PBXBuildFile; fileRef = 695412D92C25F8CE00AA46FD /* Date+String.swift */; };
		695412DC2C25F8E100AA46FD /* String+Date.swift in Sources */ = {isa = PBXBuildFile; fileRef = 695412DB2C25F8E100AA46FD /* String+Date.swift */; };
		695412DD2C25FC8600AA46FD /* LaunchScreen.storyboard in Resources */ = {isa = PBXBuildFile; fileRef = 695412832C2479BA00AA46FD /* LaunchScreen.storyboard */; };
		695412E02C25FD5E00AA46FD /* MissionRepositoryImp.swift in Sources */ = {isa = PBXBuildFile; fileRef = 695412DF2C25FD5E00AA46FD /* MissionRepositoryImp.swift */; };
		695412E22C2613D800AA46FD /* Codable+Dic.swift in Sources */ = {isa = PBXBuildFile; fileRef = 695412E12C2613D800AA46FD /* Codable+Dic.swift */; };
		695412E42C26162500AA46FD /* LaunchInput.swift in Sources */ = {isa = PBXBuildFile; fileRef = 695412E32C26162500AA46FD /* LaunchInput.swift */; };
		695412E62C26176100AA46FD /* Sort.swift in Sources */ = {isa = PBXBuildFile; fileRef = 695412E52C26176100AA46FD /* Sort.swift */; };
		695412EF2C261C3E00AA46FD /* App+Injection.swift in Sources */ = {isa = PBXBuildFile; fileRef = 695412EE2C261C3E00AA46FD /* App+Injection.swift */; };
		695412F22C26251000AA46FD /* MissionLocalDataSource.swift in Sources */ = {isa = PBXBuildFile; fileRef = 695412F12C26251000AA46FD /* MissionLocalDataSource.swift */; };
		695412F42C26296500AA46FD /* MissionRemoteDataSource.swift in Sources */ = {isa = PBXBuildFile; fileRef = 695412F32C26296500AA46FD /* MissionRemoteDataSource.swift */; };
		695412F72C2754E400AA46FD /* MissionCell.swift in Sources */ = {isa = PBXBuildFile; fileRef = 695412F62C2754E400AA46FD /* MissionCell.swift */; };
		695412FC2C27622C00AA46FD /* ReusableView+Extention.swift in Sources */ = {isa = PBXBuildFile; fileRef = 695412FB2C27622C00AA46FD /* ReusableView+Extention.swift */; };
		695412FE2C2765D400AA46FD /* AppFlowDelegate.swift in Sources */ = {isa = PBXBuildFile; fileRef = 695412FD2C2765D400AA46FD /* AppFlowDelegate.swift */; };
		695413002C27675D00AA46FD /* NetworkMonitor.swift in Sources */ = {isa = PBXBuildFile; fileRef = 695412FF2C27675D00AA46FD /* NetworkMonitor.swift */; };
		695413022C2768DE00AA46FD /* SplashView.swift in Sources */ = {isa = PBXBuildFile; fileRef = 695413012C2768DE00AA46FD /* SplashView.swift */; };
		695413052C27865E00AA46FD /* Data+Decode.swift in Sources */ = {isa = PBXBuildFile; fileRef = 695413042C27865E00AA46FD /* Data+Decode.swift */; };
		6954130C2C27FB5E00AA46FD /* URLRequest+CURL.swift in Sources */ = {isa = PBXBuildFile; fileRef = 6954130B2C27FB5E00AA46FD /* URLRequest+CURL.swift */; };
		695413112C28290D00AA46FD /* UIimageView+Load.swift in Sources */ = {isa = PBXBuildFile; fileRef = 695413102C28290D00AA46FD /* UIimageView+Load.swift */; };
		695413142C28480200AA46FD /* RealmManager.swift in Sources */ = {isa = PBXBuildFile; fileRef = 695413132C28480200AA46FD /* RealmManager.swift */; };
		6954131B2C28519200AA46FD /* LaunchEntity.swift in Sources */ = {isa = PBXBuildFile; fileRef = 6954131A2C28519100AA46FD /* LaunchEntity.swift */; };
		69BFEFF32C28617700B14063 /* RealmSwift in Frameworks */ = {isa = PBXBuildFile; productRef = 69BFEFF22C28617700B14063 /* RealmSwift */; };
		69BFEFF42C28617700B14063 /* RealmSwift in Embed Frameworks */ = {isa = PBXBuildFile; productRef = 69BFEFF22C28617700B14063 /* RealmSwift */; settings = {ATTRIBUTES = (CodeSignOnCopy, ); }; };
		69BFEFF62C28972F00B14063 /* MissionDetailView.swift in Sources */ = {isa = PBXBuildFile; fileRef = 69BFEFF52C28972F00B14063 /* MissionDetailView.swift */; };
		69BFEFF82C28974100B14063 /* MissionDetailViewModel.swift in Sources */ = {isa = PBXBuildFile; fileRef = 69BFEFF72C28974100B14063 /* MissionDetailViewModel.swift */; };
		69BFEFFA2C28A12800B14063 /* UIViewController + Present.swift in Sources */ = {isa = PBXBuildFile; fileRef = 69BFEFF92C28A12800B14063 /* UIViewController + Present.swift */; };
		69BFEFFC2C28A8AE00B14063 /* MissionRepository.swift in Sources */ = {isa = PBXBuildFile; fileRef = 69BFEFFB2C28A8AE00B14063 /* MissionRepository.swift */; };
		69CB82832C2AC22F00C4F96B /* String + Localize.swift in Sources */ = {isa = PBXBuildFile; fileRef = 69CB82822C2AC22F00C4F96B /* String + Localize.swift */; };
		69CB82852C2AC8A500C4F96B /* Localizable.xcstrings in Resources */ = {isa = PBXBuildFile; fileRef = 69CB82842C2AC8A500C4F96B /* Localizable.xcstrings */; };
		69CB82872C2ACBDA00C4F96B /* Text.swift in Sources */ = {isa = PBXBuildFile; fileRef = 69CB82862C2ACBDA00C4F96B /* Text.swift */; };
		69CB828B2C2AD8B500C4F96B /* UIImage  + Design.swift in Sources */ = {isa = PBXBuildFile; fileRef = 69CB828A2C2AD8B500C4F96B /* UIImage  + Design.swift */; };
		69CB828D2C2ADFA200C4F96B /* UIFont + Design.swift in Sources */ = {isa = PBXBuildFile; fileRef = 69CB828C2C2ADFA200C4F96B /* UIFont + Design.swift */; };
		69CB828F2C2AE1CC00C4F96B /* UIColor + Design.swift in Sources */ = {isa = PBXBuildFile; fileRef = 69CB828E2C2AE1CC00C4F96B /* UIColor + Design.swift */; };
		69CB82952C2B8DBC00C4F96B /* ImageCache.swift in Sources */ = {isa = PBXBuildFile; fileRef = 69CB82942C2B8DBC00C4F96B /* ImageCache.swift */; };
		69CB82982C2B952900C4F96B /* Factory in Frameworks */ = {isa = PBXBuildFile; productRef = 69CB82972C2B952900C4F96B /* Factory */; };
/* End PBXBuildFile section */

/* Begin PBXCopyFilesBuildPhase section */
		695413222C285B8100AA46FD /* Embed Frameworks */ = {
			isa = PBXCopyFilesBuildPhase;
			buildActionMask = 2147483647;
			dstPath = "";
			dstSubfolderSpec = 10;
			files = (
				69BFEFF42C28617700B14063 /* RealmSwift in Embed Frameworks */,
			);
			name = "Embed Frameworks";
			runOnlyForDeploymentPostprocessing = 0;
		};
/* End PBXCopyFilesBuildPhase section */

/* Begin PBXFileReference section */
		6913433E2C28BF23002EF536 /* LoadState.swift */ = {isa = PBXFileReference; lastKnownFileType = sourcecode.swift; path = LoadState.swift; sourceTree = "<group>"; };
		691343402C28BFD1002EF536 /* UIView + StatefulView.swift */ = {isa = PBXFileReference; lastKnownFileType = sourcecode.swift; path = "UIView + StatefulView.swift"; sourceTree = "<group>"; };
		695412752C2479B800AA46FD /* SpaceX_JA.app */ = {isa = PBXFileReference; explicitFileType = wrapper.application; includeInIndex = 0; path = SpaceX_JA.app; sourceTree = BUILT_PRODUCTS_DIR; };
		695412782C2479B800AA46FD /* AppDelegate.swift */ = {isa = PBXFileReference; lastKnownFileType = sourcecode.swift; path = AppDelegate.swift; sourceTree = "<group>"; };
		6954127A2C2479B800AA46FD /* SceneDelegate.swift */ = {isa = PBXFileReference; lastKnownFileType = sourcecode.swift; path = SceneDelegate.swift; sourceTree = "<group>"; };
		695412812C2479BA00AA46FD /* Assets.xcassets */ = {isa = PBXFileReference; lastKnownFileType = folder.assetcatalog; path = Assets.xcassets; sourceTree = "<group>"; };
		695412842C2479BA00AA46FD /* Base */ = {isa = PBXFileReference; lastKnownFileType = file.storyboard; name = Base; path = Base.lproj/LaunchScreen.storyboard; sourceTree = "<group>"; };
		695412862C2479BA00AA46FD /* Info.plist */ = {isa = PBXFileReference; lastKnownFileType = text.plist.xml; path = Info.plist; sourceTree = "<group>"; };
		695412942C24AAF400AA46FD /* APIClient.swift */ = {isa = PBXFileReference; lastKnownFileType = sourcecode.swift; path = APIClient.swift; sourceTree = "<group>"; };
		695412972C24ACBE00AA46FD /* Endpoint.swift */ = {isa = PBXFileReference; lastKnownFileType = sourcecode.swift; path = Endpoint.swift; sourceTree = "<group>"; };
		6954129B2C24B1E800AA46FD /* DataTransferEroor.swift */ = {isa = PBXFileReference; lastKnownFileType = sourcecode.swift; path = DataTransferEroor.swift; sourceTree = "<group>"; };
		6954129E2C24B75800AA46FD /* Dictionary+Serialization.swift */ = {isa = PBXFileReference; lastKnownFileType = sourcecode.swift; path = "Dictionary+Serialization.swift"; sourceTree = "<group>"; };
		695412A12C25739100AA46FD /* SpacexApi.swift */ = {isa = PBXFileReference; lastKnownFileType = sourcecode.swift; path = SpacexApi.swift; sourceTree = "<group>"; };
		695412AB2C2585FC00AA46FD /* Network.swift */ = {isa = PBXFileReference; lastKnownFileType = sourcecode.swift; path = Network.swift; sourceTree = "<group>"; };
		695412BA2C258DA100AA46FD /* MissionListView.swift */ = {isa = PBXFileReference; lastKnownFileType = sourcecode.swift; path = MissionListView.swift; sourceTree = "<group>"; };
		695412BC2C258DB400AA46FD /* MissionListViewModel.swift */ = {isa = PBXFileReference; lastKnownFileType = sourcecode.swift; path = MissionListViewModel.swift; sourceTree = "<group>"; };
		695412C12C259A0700AA46FD /* MissionListRepository.swift */ = {isa = PBXFileReference; lastKnownFileType = sourcecode.swift; path = MissionListRepository.swift; sourceTree = "<group>"; };
		695412C62C259E5A00AA46FD /* LaunchesDTO.swift */ = {isa = PBXFileReference; lastKnownFileType = sourcecode.swift; path = LaunchesDTO.swift; sourceTree = "<group>"; };
		695412C92C25A40500AA46FD /* Launches.swift */ = {isa = PBXFileReference; lastKnownFileType = sourcecode.swift; path = Launches.swift; sourceTree = "<group>"; };
		695412CB2C25AE3D00AA46FD /* DocsDTO.swift */ = {isa = PBXFileReference; lastKnownFileType = sourcecode.swift; path = DocsDTO.swift; sourceTree = "<group>"; };
		695412CD2C25AE7E00AA46FD /* FairingsDTO.swift */ = {isa = PBXFileReference; lastKnownFileType = sourcecode.swift; path = FairingsDTO.swift; sourceTree = "<group>"; };
		695412CF2C25AEA500AA46FD /* LinksDTO.swift */ = {isa = PBXFileReference; lastKnownFileType = sourcecode.swift; path = LinksDTO.swift; sourceTree = "<group>"; };
		695412D12C25B04400AA46FD /* FailuresDTO.swift */ = {isa = PBXFileReference; lastKnownFileType = sourcecode.swift; path = FailuresDTO.swift; sourceTree = "<group>"; };
		695412D32C25B11B00AA46FD /* CrewDTO.swift */ = {isa = PBXFileReference; lastKnownFileType = sourcecode.swift; path = CrewDTO.swift; sourceTree = "<group>"; };
		695412D52C25B19C00AA46FD /* CoresDTO.swift */ = {isa = PBXFileReference; lastKnownFileType = sourcecode.swift; path = CoresDTO.swift; sourceTree = "<group>"; };
		695412D72C25B35600AA46FD /* LaunchesPage.swift */ = {isa = PBXFileReference; lastKnownFileType = sourcecode.swift; path = LaunchesPage.swift; sourceTree = "<group>"; };
		695412D92C25F8CE00AA46FD /* Date+String.swift */ = {isa = PBXFileReference; lastKnownFileType = sourcecode.swift; path = "Date+String.swift"; sourceTree = "<group>"; };
		695412DB2C25F8E100AA46FD /* String+Date.swift */ = {isa = PBXFileReference; lastKnownFileType = sourcecode.swift; path = "String+Date.swift"; sourceTree = "<group>"; };
		695412DF2C25FD5E00AA46FD /* MissionRepositoryImp.swift */ = {isa = PBXFileReference; lastKnownFileType = sourcecode.swift; path = MissionRepositoryImp.swift; sourceTree = "<group>"; };
		695412E12C2613D800AA46FD /* Codable+Dic.swift */ = {isa = PBXFileReference; lastKnownFileType = sourcecode.swift; path = "Codable+Dic.swift"; sourceTree = "<group>"; };
		695412E32C26162500AA46FD /* LaunchInput.swift */ = {isa = PBXFileReference; lastKnownFileType = sourcecode.swift; path = LaunchInput.swift; sourceTree = "<group>"; };
		695412E52C26176100AA46FD /* Sort.swift */ = {isa = PBXFileReference; lastKnownFileType = sourcecode.swift; path = Sort.swift; sourceTree = "<group>"; };
		695412EE2C261C3E00AA46FD /* App+Injection.swift */ = {isa = PBXFileReference; lastKnownFileType = sourcecode.swift; path = "App+Injection.swift"; sourceTree = "<group>"; };
		695412F12C26251000AA46FD /* MissionLocalDataSource.swift */ = {isa = PBXFileReference; lastKnownFileType = sourcecode.swift; path = MissionLocalDataSource.swift; sourceTree = "<group>"; };
		695412F32C26296500AA46FD /* MissionRemoteDataSource.swift */ = {isa = PBXFileReference; lastKnownFileType = sourcecode.swift; path = MissionRemoteDataSource.swift; sourceTree = "<group>"; };
		695412F62C2754E400AA46FD /* MissionCell.swift */ = {isa = PBXFileReference; lastKnownFileType = sourcecode.swift; path = MissionCell.swift; sourceTree = "<group>"; };
		695412FB2C27622C00AA46FD /* ReusableView+Extention.swift */ = {isa = PBXFileReference; lastKnownFileType = sourcecode.swift; path = "ReusableView+Extention.swift"; sourceTree = "<group>"; };
		695412FD2C2765D400AA46FD /* AppFlowDelegate.swift */ = {isa = PBXFileReference; lastKnownFileType = sourcecode.swift; path = AppFlowDelegate.swift; sourceTree = "<group>"; };
		695412FF2C27675D00AA46FD /* NetworkMonitor.swift */ = {isa = PBXFileReference; lastKnownFileType = sourcecode.swift; path = NetworkMonitor.swift; sourceTree = "<group>"; };
		695413012C2768DE00AA46FD /* SplashView.swift */ = {isa = PBXFileReference; lastKnownFileType = sourcecode.swift; path = SplashView.swift; sourceTree = "<group>"; };
		695413042C27865E00AA46FD /* Data+Decode.swift */ = {isa = PBXFileReference; lastKnownFileType = sourcecode.swift; path = "Data+Decode.swift"; sourceTree = "<group>"; };
		6954130B2C27FB5E00AA46FD /* URLRequest+CURL.swift */ = {isa = PBXFileReference; lastKnownFileType = sourcecode.swift; path = "URLRequest+CURL.swift"; sourceTree = "<group>"; };
		695413102C28290D00AA46FD /* UIimageView+Load.swift */ = {isa = PBXFileReference; lastKnownFileType = sourcecode.swift; path = "UIimageView+Load.swift"; sourceTree = "<group>"; };
		695413132C28480200AA46FD /* RealmManager.swift */ = {isa = PBXFileReference; lastKnownFileType = sourcecode.swift; path = RealmManager.swift; sourceTree = "<group>"; };
		6954131A2C28519100AA46FD /* LaunchEntity.swift */ = {isa = PBXFileReference; lastKnownFileType = sourcecode.swift; path = LaunchEntity.swift; sourceTree = "<group>"; };
		69BFEFF52C28972F00B14063 /* MissionDetailView.swift */ = {isa = PBXFileReference; lastKnownFileType = sourcecode.swift; path = MissionDetailView.swift; sourceTree = "<group>"; };
		69BFEFF72C28974100B14063 /* MissionDetailViewModel.swift */ = {isa = PBXFileReference; lastKnownFileType = sourcecode.swift; path = MissionDetailViewModel.swift; sourceTree = "<group>"; };
		69BFEFF92C28A12800B14063 /* UIViewController + Present.swift */ = {isa = PBXFileReference; lastKnownFileType = sourcecode.swift; path = "UIViewController + Present.swift"; sourceTree = "<group>"; };
		69BFEFFB2C28A8AE00B14063 /* MissionRepository.swift */ = {isa = PBXFileReference; lastKnownFileType = sourcecode.swift; path = MissionRepository.swift; sourceTree = "<group>"; };
		69CB82822C2AC22F00C4F96B /* String + Localize.swift */ = {isa = PBXFileReference; lastKnownFileType = sourcecode.swift; path = "String + Localize.swift"; sourceTree = "<group>"; };
		69CB82842C2AC8A500C4F96B /* Localizable.xcstrings */ = {isa = PBXFileReference; lastKnownFileType = text.json.xcstrings; path = Localizable.xcstrings; sourceTree = "<group>"; };
		69CB82862C2ACBDA00C4F96B /* Text.swift */ = {isa = PBXFileReference; lastKnownFileType = sourcecode.swift; path = Text.swift; sourceTree = "<group>"; };
		69CB828A2C2AD8B500C4F96B /* UIImage  + Design.swift */ = {isa = PBXFileReference; lastKnownFileType = sourcecode.swift; path = "UIImage  + Design.swift"; sourceTree = "<group>"; };
		69CB828C2C2ADFA200C4F96B /* UIFont + Design.swift */ = {isa = PBXFileReference; lastKnownFileType = sourcecode.swift; path = "UIFont + Design.swift"; sourceTree = "<group>"; };
		69CB828E2C2AE1CC00C4F96B /* UIColor + Design.swift */ = {isa = PBXFileReference; lastKnownFileType = sourcecode.swift; path = "UIColor + Design.swift"; sourceTree = "<group>"; };
		69CB82942C2B8DBC00C4F96B /* ImageCache.swift */ = {isa = PBXFileReference; lastKnownFileType = sourcecode.swift; path = ImageCache.swift; sourceTree = "<group>"; };
/* End PBXFileReference section */

/* Begin PBXFrameworksBuildPhase section */
		695412722C2479B800AA46FD /* Frameworks */ = {
			isa = PBXFrameworksBuildPhase;
			buildActionMask = 2147483647;
			files = (
				69BFEFF32C28617700B14063 /* RealmSwift in Frameworks */,
				69CB82982C2B952900C4F96B /* Factory in Frameworks */,
			);
			runOnlyForDeploymentPostprocessing = 0;
		};
/* End PBXFrameworksBuildPhase section */

/* Begin PBXGroup section */
		6913433D2C28BEE7002EF536 /* Helper */ = {
			isa = PBXGroup;
			children = (
				691343422C28BFD5002EF536 /* LoadState */,
			);
			path = Helper;
			sourceTree = "<group>";
		};
		691343422C28BFD5002EF536 /* LoadState */ = {
			isa = PBXGroup;
			children = (
				691343402C28BFD1002EF536 /* UIView + StatefulView.swift */,
				6913433E2C28BF23002EF536 /* LoadState.swift */,
			);
			path = LoadState;
			sourceTree = "<group>";
		};
		6954126C2C2479B800AA46FD = {
			isa = PBXGroup;
			children = (
				695412772C2479B800AA46FD /* SpaceX_JA */,
				695412762C2479B800AA46FD /* Products */,
				69BFEFF12C28617700B14063 /* Frameworks */,
			);
			sourceTree = "<group>";
		};
		695412762C2479B800AA46FD /* Products */ = {
			isa = PBXGroup;
			children = (
				695412752C2479B800AA46FD /* SpaceX_JA.app */,
			);
			name = Products;
			sourceTree = "<group>";
		};
		695412772C2479B800AA46FD /* SpaceX_JA */ = {
			isa = PBXGroup;
			children = (
				695413082C278F5B00AA46FD /* App */,
				695412B42C258AB900AA46FD /* Presenter */,
				695412B52C258AC200AA46FD /* Domain */,
				695412B62C258AC800AA46FD /* Data */,
				695412962C24ABF700AA46FD /* Resources */,
			);
			path = SpaceX_JA;
			sourceTree = "<group>";
		};
		695412912C24A9FF00AA46FD /* Networking */ = {
			isa = PBXGroup;
			children = (
				695412942C24AAF400AA46FD /* APIClient.swift */,
				695412972C24ACBE00AA46FD /* Endpoint.swift */,
				695412AB2C2585FC00AA46FD /* Network.swift */,
				695412FF2C27675D00AA46FD /* NetworkMonitor.swift */,
			);
			path = Networking;
			sourceTree = "<group>";
		};
		695412962C24ABF700AA46FD /* Resources */ = {
			isa = PBXGroup;
			children = (
				695412832C2479BA00AA46FD /* LaunchScreen.storyboard */,
				695412862C2479BA00AA46FD /* Info.plist */,
				695412812C2479BA00AA46FD /* Assets.xcassets */,
			);
			path = Resources;
			sourceTree = "<group>";
		};
		6954129D2C24B72B00AA46FD /* Extention */ = {
			isa = PBXGroup;
			children = (
				6954129E2C24B75800AA46FD /* Dictionary+Serialization.swift */,
				695413042C27865E00AA46FD /* Data+Decode.swift */,
				695412E12C2613D800AA46FD /* Codable+Dic.swift */,
				695412D92C25F8CE00AA46FD /* Date+String.swift */,
				695412DB2C25F8E100AA46FD /* String+Date.swift */,
				6954130B2C27FB5E00AA46FD /* URLRequest+CURL.swift */,
			);
			path = Extention;
			sourceTree = "<group>";
		};
		695412A32C2576E000AA46FD /* Constants */ = {
			isa = PBXGroup;
			children = (
				69CB82862C2ACBDA00C4F96B /* Text.swift */,
				695412A12C25739100AA46FD /* SpacexApi.swift */,
				6954129B2C24B1E800AA46FD /* DataTransferEroor.swift */,
				69CB82822C2AC22F00C4F96B /* String + Localize.swift */,
				69CB828A2C2AD8B500C4F96B /* UIImage  + Design.swift */,
				69CB828C2C2ADFA200C4F96B /* UIFont + Design.swift */,
				69CB828E2C2AE1CC00C4F96B /* UIColor + Design.swift */,
				69CB82842C2AC8A500C4F96B /* Localizable.xcstrings */,
			);
			path = Constants;
			sourceTree = "<group>";
		};
		695412A72C25824500AA46FD /* Utilities */ = {
			isa = PBXGroup;
			children = (
				695413122C2847C200AA46FD /* LocalStorage */,
				695412912C24A9FF00AA46FD /* Networking */,
				69CB82942C2B8DBC00C4F96B /* ImageCache.swift */,
			);
			path = Utilities;
			sourceTree = "<group>";
		};
		695412B22C258A7900AA46FD /* MissionList */ = {
			isa = PBXGroup;
			children = (
				695412BA2C258DA100AA46FD /* MissionListView.swift */,
				695412BC2C258DB400AA46FD /* MissionListViewModel.swift */,
				695412F52C2754CA00AA46FD /* Cell */,
			);
			path = MissionList;
			sourceTree = "<group>";
		};
		695412B32C258A9F00AA46FD /* MissionDetail */ = {
			isa = PBXGroup;
			children = (
				69BFEFF52C28972F00B14063 /* MissionDetailView.swift */,
				69BFEFF72C28974100B14063 /* MissionDetailViewModel.swift */,
			);
			path = MissionDetail;
			sourceTree = "<group>";
		};
		695412B42C258AB900AA46FD /* Presenter */ = {
			isa = PBXGroup;
			children = (
				6913433D2C28BEE7002EF536 /* Helper */,
				695413032C2768E100AA46FD /* SplashView */,
				695412B22C258A7900AA46FD /* MissionList */,
				695412B32C258A9F00AA46FD /* MissionDetail */,
				695412FA2C27622300AA46FD /* Extension */,
			);
			path = Presenter;
			sourceTree = "<group>";
		};
		695412B52C258AC200AA46FD /* Domain */ = {
			isa = PBXGroup;
			children = (
				695412C02C25995300AA46FD /* Entity */,
				695413062C278BE600AA46FD /* Helper */,
				695412BF2C2598E700AA46FD /* Repository */,
				695412A72C25824500AA46FD /* Utilities */,
			);
			path = Domain;
			sourceTree = "<group>";
		};
		695412B62C258AC800AA46FD /* Data */ = {
			isa = PBXGroup;
			children = (
				695412DE2C25FD4D00AA46FD /* Repository */,
				695412C52C259DE500AA46FD /* Object */,
				695412A32C2576E000AA46FD /* Constants */,
				6954129D2C24B72B00AA46FD /* Extention */,
			);
			path = Data;
			sourceTree = "<group>";
		};
		695412BF2C2598E700AA46FD /* Repository */ = {
			isa = PBXGroup;
			children = (
				695412C12C259A0700AA46FD /* MissionListRepository.swift */,
				69BFEFFB2C28A8AE00B14063 /* MissionRepository.swift */,
			);
			path = Repository;
			sourceTree = "<group>";
		};
		695412C02C25995300AA46FD /* Entity */ = {
			isa = PBXGroup;
			children = (
				695412D72C25B35600AA46FD /* LaunchesPage.swift */,
				695412C92C25A40500AA46FD /* Launches.swift */,
			);
			path = Entity;
			sourceTree = "<group>";
		};
		695412C52C259DE500AA46FD /* Object */ = {
			isa = PBXGroup;
			children = (
				695412C62C259E5A00AA46FD /* LaunchesDTO.swift */,
				695412CB2C25AE3D00AA46FD /* DocsDTO.swift */,
				695412D12C25B04400AA46FD /* FailuresDTO.swift */,
				695412D32C25B11B00AA46FD /* CrewDTO.swift */,
				695412D52C25B19C00AA46FD /* CoresDTO.swift */,
				695412CD2C25AE7E00AA46FD /* FairingsDTO.swift */,
				695412CF2C25AEA500AA46FD /* LinksDTO.swift */,
			);
			path = Object;
			sourceTree = "<group>";
		};
		695412DE2C25FD4D00AA46FD /* Repository */ = {
			isa = PBXGroup;
			children = (
				695412DF2C25FD5E00AA46FD /* MissionRepositoryImp.swift */,
				695412F12C26251000AA46FD /* MissionLocalDataSource.swift */,
				695412F32C26296500AA46FD /* MissionRemoteDataSource.swift */,
			);
			path = Repository;
			sourceTree = "<group>";
		};
		695412F52C2754CA00AA46FD /* Cell */ = {
			isa = PBXGroup;
			children = (
				695412F62C2754E400AA46FD /* MissionCell.swift */,
			);
			path = Cell;
			sourceTree = "<group>";
		};
		695412FA2C27622300AA46FD /* Extension */ = {
			isa = PBXGroup;
			children = (
				695412FB2C27622C00AA46FD /* ReusableView+Extention.swift */,
				695413102C28290D00AA46FD /* UIimageView+Load.swift */,
				69BFEFF92C28A12800B14063 /* UIViewController + Present.swift */,
			);
			path = Extension;
			sourceTree = "<group>";
		};
		695413032C2768E100AA46FD /* SplashView */ = {
			isa = PBXGroup;
			children = (
				695413012C2768DE00AA46FD /* SplashView.swift */,
			);
			path = SplashView;
			sourceTree = "<group>";
		};
		695413062C278BE600AA46FD /* Helper */ = {
			isa = PBXGroup;
			children = (
				695412E32C26162500AA46FD /* LaunchInput.swift */,
				695412E52C26176100AA46FD /* Sort.swift */,
			);
			path = Helper;
			sourceTree = "<group>";
		};
		695413082C278F5B00AA46FD /* App */ = {
			isa = PBXGroup;
			children = (
				695412782C2479B800AA46FD /* AppDelegate.swift */,
				695412EE2C261C3E00AA46FD /* App+Injection.swift */,
				695412FD2C2765D400AA46FD /* AppFlowDelegate.swift */,
				6954127A2C2479B800AA46FD /* SceneDelegate.swift */,
			);
			path = App;
			sourceTree = "<group>";
		};
		695413122C2847C200AA46FD /* LocalStorage */ = {
			isa = PBXGroup;
			children = (
				695413132C28480200AA46FD /* RealmManager.swift */,
				6954131A2C28519100AA46FD /* LaunchEntity.swift */,
			);
			path = LocalStorage;
			sourceTree = "<group>";
		};
		69BFEFF12C28617700B14063 /* Frameworks */ = {
			isa = PBXGroup;
			children = (
			);
			name = Frameworks;
			sourceTree = "<group>";
		};
/* End PBXGroup section */

/* Begin PBXNativeTarget section */
		695412742C2479B800AA46FD /* SpaceX_JA */ = {
			isa = PBXNativeTarget;
			buildConfigurationList = 695412892C2479BA00AA46FD /* Build configuration list for PBXNativeTarget "SpaceX_JA" */;
			buildPhases = (
				695412712C2479B800AA46FD /* Sources */,
				695412722C2479B800AA46FD /* Frameworks */,
				695412732C2479B800AA46FD /* Resources */,
				695413222C285B8100AA46FD /* Embed Frameworks */,
			);
			buildRules = (
			);
			dependencies = (
			);
			name = SpaceX_JA;
			packageProductDependencies = (
				69BFEFF22C28617700B14063 /* RealmSwift */,
				69CB82972C2B952900C4F96B /* Factory */,
			);
			productName = SpaceX_JA;
			productReference = 695412752C2479B800AA46FD /* SpaceX_JA.app */;
			productType = "com.apple.product-type.application";
		};
/* End PBXNativeTarget section */

/* Begin PBXProject section */
		6954126D2C2479B800AA46FD /* Project object */ = {
			isa = PBXProject;
			attributes = {
				BuildIndependentTargetsInParallel = 1;
				LastSwiftUpdateCheck = 1530;
				LastUpgradeCheck = 1530;
				TargetAttributes = {
					695412742C2479B800AA46FD = {
						CreatedOnToolsVersion = 15.3;
					};
				};
			};
			buildConfigurationList = 695412702C2479B800AA46FD /* Build configuration list for PBXProject "SpaceX_JA" */;
			compatibilityVersion = "Xcode 14.0";
			developmentRegion = en;
			hasScannedForEncodings = 0;
			knownRegions = (
				en,
				Base,
			);
			mainGroup = 6954126C2C2479B800AA46FD;
			packageReferences = (
				694B990F2C2860800068E18C /* XCRemoteSwiftPackageReference "realm-swift" */,
				69CB82962C2B952900C4F96B /* XCRemoteSwiftPackageReference "Factory" */,
			);
			productRefGroup = 695412762C2479B800AA46FD /* Products */;
			projectDirPath = "";
			projectRoot = "";
			targets = (
				695412742C2479B800AA46FD /* SpaceX_JA */,
			);
		};
/* End PBXProject section */

/* Begin PBXResourcesBuildPhase section */
		695412732C2479B800AA46FD /* Resources */ = {
			isa = PBXResourcesBuildPhase;
			buildActionMask = 2147483647;
			files = (
				695412DD2C25FC8600AA46FD /* LaunchScreen.storyboard in Resources */,
				695412822C2479BA00AA46FD /* Assets.xcassets in Resources */,
				69CB82852C2AC8A500C4F96B /* Localizable.xcstrings in Resources */,
			);
			runOnlyForDeploymentPostprocessing = 0;
		};
/* End PBXResourcesBuildPhase section */

/* Begin PBXSourcesBuildPhase section */
		695412712C2479B800AA46FD /* Sources */ = {
			isa = PBXSourcesBuildPhase;
			buildActionMask = 2147483647;
			files = (
				69BFEFFA2C28A12800B14063 /* UIViewController + Present.swift in Sources */,
				695412C22C259A0700AA46FD /* MissionListRepository.swift in Sources */,
				69CB82832C2AC22F00C4F96B /* String + Localize.swift in Sources */,
				695412CE2C25AE7E00AA46FD /* FairingsDTO.swift in Sources */,
				695412D22C25B04500AA46FD /* FailuresDTO.swift in Sources */,
				695412792C2479B800AA46FD /* AppDelegate.swift in Sources */,
				695412AC2C2585FC00AA46FD /* Network.swift in Sources */,
				6913433F2C28BF23002EF536 /* LoadState.swift in Sources */,
				695412F72C2754E400AA46FD /* MissionCell.swift in Sources */,
				695412E42C26162500AA46FD /* LaunchInput.swift in Sources */,
				695412E02C25FD5E00AA46FD /* MissionRepositoryImp.swift in Sources */,
				69CB82952C2B8DBC00C4F96B /* ImageCache.swift in Sources */,
				695412A22C25739100AA46FD /* SpacexApi.swift in Sources */,
				695412F22C26251000AA46FD /* MissionLocalDataSource.swift in Sources */,
				6954131B2C28519200AA46FD /* LaunchEntity.swift in Sources */,
				695412DA2C25F8CE00AA46FD /* Date+String.swift in Sources */,
				695412EF2C261C3E00AA46FD /* App+Injection.swift in Sources */,
				695413052C27865E00AA46FD /* Data+Decode.swift in Sources */,
				695412C72C259E5A00AA46FD /* LaunchesDTO.swift in Sources */,
				695412E62C26176100AA46FD /* Sort.swift in Sources */,
				69BFEFF82C28974100B14063 /* MissionDetailViewModel.swift in Sources */,
				69BFEFFC2C28A8AE00B14063 /* MissionRepository.swift in Sources */,
				695412FC2C27622C00AA46FD /* ReusableView+Extention.swift in Sources */,
				695412FE2C2765D400AA46FD /* AppFlowDelegate.swift in Sources */,
				695413022C2768DE00AA46FD /* SplashView.swift in Sources */,
				69CB82872C2ACBDA00C4F96B /* Text.swift in Sources */,
				695412F42C26296500AA46FD /* MissionRemoteDataSource.swift in Sources */,
				6954127B2C2479B800AA46FD /* SceneDelegate.swift in Sources */,
				695412D82C25B35600AA46FD /* LaunchesPage.swift in Sources */,
				695412CA2C25A40500AA46FD /* Launches.swift in Sources */,
				69BFEFF62C28972F00B14063 /* MissionDetailView.swift in Sources */,
				695412CC2C25AE3D00AA46FD /* DocsDTO.swift in Sources */,
				695412D62C25B19C00AA46FD /* CoresDTO.swift in Sources */,
				6954130C2C27FB5E00AA46FD /* URLRequest+CURL.swift in Sources */,
				69CB828F2C2AE1CC00C4F96B /* UIColor + Design.swift in Sources */,
				6954129C2C24B1E800AA46FD /* DataTransferEroor.swift in Sources */,
				695412D02C25AEA500AA46FD /* LinksDTO.swift in Sources */,
				695412DC2C25F8E100AA46FD /* String+Date.swift in Sources */,
				69CB828D2C2ADFA200C4F96B /* UIFont + Design.swift in Sources */,
				695413002C27675D00AA46FD /* NetworkMonitor.swift in Sources */,
				695412E22C2613D800AA46FD /* Codable+Dic.swift in Sources */,
				695413112C28290D00AA46FD /* UIimageView+Load.swift in Sources */,
				6954129F2C24B75800AA46FD /* Dictionary+Serialization.swift in Sources */,
				69CB828B2C2AD8B500C4F96B /* UIImage  + Design.swift in Sources */,
				695412BB2C258DA100AA46FD /* MissionListView.swift in Sources */,
				695412D42C25B11B00AA46FD /* CrewDTO.swift in Sources */,
				695412BD2C258DB400AA46FD /* MissionListViewModel.swift in Sources */,
				695412952C24AAF400AA46FD /* APIClient.swift in Sources */,
				695412982C24ACBE00AA46FD /* Endpoint.swift in Sources */,
				695413142C28480200AA46FD /* RealmManager.swift in Sources */,
				691343412C28BFD1002EF536 /* UIView + StatefulView.swift in Sources */,
			);
			runOnlyForDeploymentPostprocessing = 0;
		};
/* End PBXSourcesBuildPhase section */

/* Begin PBXVariantGroup section */
		695412832C2479BA00AA46FD /* LaunchScreen.storyboard */ = {
			isa = PBXVariantGroup;
			children = (
				695412842C2479BA00AA46FD /* Base */,
			);
			name = LaunchScreen.storyboard;
			sourceTree = "<group>";
		};
/* End PBXVariantGroup section */

/* Begin XCBuildConfiguration section */
		695412872C2479BA00AA46FD /* Debug */ = {
			isa = XCBuildConfiguration;
			buildSettings = {
				ALWAYS_SEARCH_USER_PATHS = NO;
				ASSETCATALOG_COMPILER_GENERATE_SWIFT_ASSET_SYMBOL_EXTENSIONS = YES;
				CLANG_ANALYZER_NONNULL = YES;
				CLANG_ANALYZER_NUMBER_OBJECT_CONVERSION = YES_AGGRESSIVE;
				CLANG_CXX_LANGUAGE_STANDARD = "gnu++20";
				CLANG_ENABLE_MODULES = YES;
				CLANG_ENABLE_OBJC_ARC = YES;
				CLANG_ENABLE_OBJC_WEAK = YES;
				CLANG_WARN_BLOCK_CAPTURE_AUTORELEASING = YES;
				CLANG_WARN_BOOL_CONVERSION = YES;
				CLANG_WARN_COMMA = YES;
				CLANG_WARN_CONSTANT_CONVERSION = YES;
				CLANG_WARN_DEPRECATED_OBJC_IMPLEMENTATIONS = YES;
				CLANG_WARN_DIRECT_OBJC_ISA_USAGE = YES_ERROR;
				CLANG_WARN_DOCUMENTATION_COMMENTS = YES;
				CLANG_WARN_EMPTY_BODY = YES;
				CLANG_WARN_ENUM_CONVERSION = YES;
				CLANG_WARN_INFINITE_RECURSION = YES;
				CLANG_WARN_INT_CONVERSION = YES;
				CLANG_WARN_NON_LITERAL_NULL_CONVERSION = YES;
				CLANG_WARN_OBJC_IMPLICIT_RETAIN_SELF = YES;
				CLANG_WARN_OBJC_LITERAL_CONVERSION = YES;
				CLANG_WARN_OBJC_ROOT_CLASS = YES_ERROR;
				CLANG_WARN_QUOTED_INCLUDE_IN_FRAMEWORK_HEADER = YES;
				CLANG_WARN_RANGE_LOOP_ANALYSIS = YES;
				CLANG_WARN_STRICT_PROTOTYPES = YES;
				CLANG_WARN_SUSPICIOUS_MOVE = YES;
				CLANG_WARN_UNGUARDED_AVAILABILITY = YES_AGGRESSIVE;
				CLANG_WARN_UNREACHABLE_CODE = YES;
				CLANG_WARN__DUPLICATE_METHOD_MATCH = YES;
				COPY_PHASE_STRIP = NO;
				DEBUG_INFORMATION_FORMAT = dwarf;
				ENABLE_STRICT_OBJC_MSGSEND = YES;
				ENABLE_TESTABILITY = YES;
				ENABLE_USER_SCRIPT_SANDBOXING = YES;
				GCC_C_LANGUAGE_STANDARD = gnu17;
				GCC_DYNAMIC_NO_PIC = NO;
				GCC_NO_COMMON_BLOCKS = YES;
				GCC_OPTIMIZATION_LEVEL = 0;
				GCC_PREPROCESSOR_DEFINITIONS = (
					"DEBUG=1",
					"$(inherited)",
				);
				GCC_WARN_64_TO_32_BIT_CONVERSION = YES;
				GCC_WARN_ABOUT_RETURN_TYPE = YES_ERROR;
				GCC_WARN_UNDECLARED_SELECTOR = YES;
				GCC_WARN_UNINITIALIZED_AUTOS = YES_AGGRESSIVE;
				GCC_WARN_UNUSED_FUNCTION = YES;
				GCC_WARN_UNUSED_VARIABLE = YES;
				IPHONEOS_DEPLOYMENT_TARGET = 17.4;
				LOCALIZATION_PREFERS_STRING_CATALOGS = YES;
				MTL_ENABLE_DEBUG_INFO = INCLUDE_SOURCE;
				MTL_FAST_MATH = YES;
				ONLY_ACTIVE_ARCH = YES;
				SDKROOT = iphoneos;
				SWIFT_ACTIVE_COMPILATION_CONDITIONS = "DEBUG $(inherited)";
				SWIFT_OPTIMIZATION_LEVEL = "-Onone";
			};
			name = Debug;
		};
		695412882C2479BA00AA46FD /* Release */ = {
			isa = XCBuildConfiguration;
			buildSettings = {
				ALWAYS_SEARCH_USER_PATHS = NO;
				ASSETCATALOG_COMPILER_GENERATE_SWIFT_ASSET_SYMBOL_EXTENSIONS = YES;
				CLANG_ANALYZER_NONNULL = YES;
				CLANG_ANALYZER_NUMBER_OBJECT_CONVERSION = YES_AGGRESSIVE;
				CLANG_CXX_LANGUAGE_STANDARD = "gnu++20";
				CLANG_ENABLE_MODULES = YES;
				CLANG_ENABLE_OBJC_ARC = YES;
				CLANG_ENABLE_OBJC_WEAK = YES;
				CLANG_WARN_BLOCK_CAPTURE_AUTORELEASING = YES;
				CLANG_WARN_BOOL_CONVERSION = YES;
				CLANG_WARN_COMMA = YES;
				CLANG_WARN_CONSTANT_CONVERSION = YES;
				CLANG_WARN_DEPRECATED_OBJC_IMPLEMENTATIONS = YES;
				CLANG_WARN_DIRECT_OBJC_ISA_USAGE = YES_ERROR;
				CLANG_WARN_DOCUMENTATION_COMMENTS = YES;
				CLANG_WARN_EMPTY_BODY = YES;
				CLANG_WARN_ENUM_CONVERSION = YES;
				CLANG_WARN_INFINITE_RECURSION = YES;
				CLANG_WARN_INT_CONVERSION = YES;
				CLANG_WARN_NON_LITERAL_NULL_CONVERSION = YES;
				CLANG_WARN_OBJC_IMPLICIT_RETAIN_SELF = YES;
				CLANG_WARN_OBJC_LITERAL_CONVERSION = YES;
				CLANG_WARN_OBJC_ROOT_CLASS = YES_ERROR;
				CLANG_WARN_QUOTED_INCLUDE_IN_FRAMEWORK_HEADER = YES;
				CLANG_WARN_RANGE_LOOP_ANALYSIS = YES;
				CLANG_WARN_STRICT_PROTOTYPES = YES;
				CLANG_WARN_SUSPICIOUS_MOVE = YES;
				CLANG_WARN_UNGUARDED_AVAILABILITY = YES_AGGRESSIVE;
				CLANG_WARN_UNREACHABLE_CODE = YES;
				CLANG_WARN__DUPLICATE_METHOD_MATCH = YES;
				COPY_PHASE_STRIP = NO;
				DEBUG_INFORMATION_FORMAT = "dwarf-with-dsym";
				ENABLE_NS_ASSERTIONS = NO;
				ENABLE_STRICT_OBJC_MSGSEND = YES;
				ENABLE_USER_SCRIPT_SANDBOXING = YES;
				GCC_C_LANGUAGE_STANDARD = gnu17;
				GCC_NO_COMMON_BLOCKS = YES;
				GCC_WARN_64_TO_32_BIT_CONVERSION = YES;
				GCC_WARN_ABOUT_RETURN_TYPE = YES_ERROR;
				GCC_WARN_UNDECLARED_SELECTOR = YES;
				GCC_WARN_UNINITIALIZED_AUTOS = YES_AGGRESSIVE;
				GCC_WARN_UNUSED_FUNCTION = YES;
				GCC_WARN_UNUSED_VARIABLE = YES;
				IPHONEOS_DEPLOYMENT_TARGET = 17.4;
				LOCALIZATION_PREFERS_STRING_CATALOGS = YES;
				MTL_ENABLE_DEBUG_INFO = NO;
				MTL_FAST_MATH = YES;
				SDKROOT = iphoneos;
				SWIFT_COMPILATION_MODE = wholemodule;
				VALIDATE_PRODUCT = YES;
			};
			name = Release;
		};
		6954128A2C2479BA00AA46FD /* Debug */ = {
			isa = XCBuildConfiguration;
			buildSettings = {
				ASSETCATALOG_COMPILER_APPICON_NAME = AppIcon;
				ASSETCATALOG_COMPILER_GLOBAL_ACCENT_COLOR_NAME = AccentColor;
				CODE_SIGN_STYLE = Automatic;
				CURRENT_PROJECT_VERSION = 1;
				DEVELOPMENT_TEAM = DZ8M3BME2B;
				GENERATE_INFOPLIST_FILE = YES;
				INFOPLIST_FILE = SpaceX_JA/Resources/Info.plist;
				INFOPLIST_KEY_UIApplicationSupportsIndirectInputEvents = YES;
				INFOPLIST_KEY_UILaunchStoryboardName = LaunchScreen.storyboard;
				INFOPLIST_KEY_UIStatusBarStyle = "";
				INFOPLIST_KEY_UISupportedInterfaceOrientations_iPad = "UIInterfaceOrientationPortrait UIInterfaceOrientationPortraitUpsideDown UIInterfaceOrientationLandscapeLeft UIInterfaceOrientationLandscapeRight";
				INFOPLIST_KEY_UISupportedInterfaceOrientations_iPhone = "UIInterfaceOrientationPortrait UIInterfaceOrientationLandscapeLeft UIInterfaceOrientationLandscapeRight";
				IPHONEOS_DEPLOYMENT_TARGET = 15.6;
				LD_RUNPATH_SEARCH_PATHS = (
					"$(inherited)",
					"@executable_path/Frameworks",
				);
				MARKETING_VERSION = 1.0;
				PRODUCT_BUNDLE_IDENTIFIER = "arji.com.SpaceX-JA";
				PRODUCT_NAME = "$(TARGET_NAME)";
				SWIFT_EMIT_LOC_STRINGS = YES;
				SWIFT_VERSION = 5.0;
				TARGETED_DEVICE_FAMILY = "1,2";
			};
			name = Debug;
		};
		6954128B2C2479BA00AA46FD /* Release */ = {
			isa = XCBuildConfiguration;
			buildSettings = {
				ASSETCATALOG_COMPILER_APPICON_NAME = AppIcon;
				ASSETCATALOG_COMPILER_GLOBAL_ACCENT_COLOR_NAME = AccentColor;
				CODE_SIGN_STYLE = Automatic;
				CURRENT_PROJECT_VERSION = 1;
				DEVELOPMENT_TEAM = DZ8M3BME2B;
				GENERATE_INFOPLIST_FILE = YES;
				INFOPLIST_FILE = SpaceX_JA/Resources/Info.plist;
				INFOPLIST_KEY_UIApplicationSupportsIndirectInputEvents = YES;
				INFOPLIST_KEY_UILaunchStoryboardName = LaunchScreen.storyboard;
				INFOPLIST_KEY_UIStatusBarStyle = "";
				INFOPLIST_KEY_UISupportedInterfaceOrientations_iPad = "UIInterfaceOrientationPortrait UIInterfaceOrientationPortraitUpsideDown UIInterfaceOrientationLandscapeLeft UIInterfaceOrientationLandscapeRight";
				INFOPLIST_KEY_UISupportedInterfaceOrientations_iPhone = "UIInterfaceOrientationPortrait UIInterfaceOrientationLandscapeLeft UIInterfaceOrientationLandscapeRight";
				IPHONEOS_DEPLOYMENT_TARGET = 15.6;
				LD_RUNPATH_SEARCH_PATHS = (
					"$(inherited)",
					"@executable_path/Frameworks",
				);
				MARKETING_VERSION = 1.0;
				PRODUCT_BUNDLE_IDENTIFIER = "arji.com.SpaceX-JA";
				PRODUCT_NAME = "$(TARGET_NAME)";
				SWIFT_EMIT_LOC_STRINGS = YES;
				SWIFT_VERSION = 5.0;
				TARGETED_DEVICE_FAMILY = "1,2";
			};
			name = Release;
		};
/* End XCBuildConfiguration section */

/* Begin XCConfigurationList section */
		695412702C2479B800AA46FD /* Build configuration list for PBXProject "SpaceX_JA" */ = {
			isa = XCConfigurationList;
			buildConfigurations = (
				695412872C2479BA00AA46FD /* Debug */,
				695412882C2479BA00AA46FD /* Release */,
			);
			defaultConfigurationIsVisible = 0;
			defaultConfigurationName = Release;
		};
		695412892C2479BA00AA46FD /* Build configuration list for PBXNativeTarget "SpaceX_JA" */ = {
			isa = XCConfigurationList;
			buildConfigurations = (
				6954128A2C2479BA00AA46FD /* Debug */,
				6954128B2C2479BA00AA46FD /* Release */,
			);
			defaultConfigurationIsVisible = 0;
			defaultConfigurationName = Release;
		};
/* End XCConfigurationList section */

/* Begin XCRemoteSwiftPackageReference section */
		694B990F2C2860800068E18C /* XCRemoteSwiftPackageReference "realm-swift" */ = {
			isa = XCRemoteSwiftPackageReference;
			repositoryURL = "https://github.com/realm/realm-swift";
			requirement = {
				kind = exactVersion;
				version = 10.51.0;
			};
		};
		69CB82962C2B952900C4F96B /* XCRemoteSwiftPackageReference "Factory" */ = {
			isa = XCRemoteSwiftPackageReference;
			repositoryURL = "https://github.com/hmlongco/Factory";
			requirement = {
				kind = upToNextMajorVersion;
				minimumVersion = 2.3.2;
			};
		};
/* End XCRemoteSwiftPackageReference section */

/* Begin XCSwiftPackageProductDependency section */
		69BFEFF22C28617700B14063 /* RealmSwift */ = {
			isa = XCSwiftPackageProductDependency;
			package = 694B990F2C2860800068E18C /* XCRemoteSwiftPackageReference "realm-swift" */;
			productName = RealmSwift;
		};
		69CB82972C2B952900C4F96B /* Factory */ = {
			isa = XCSwiftPackageProductDependency;
			package = 69CB82962C2B952900C4F96B /* XCRemoteSwiftPackageReference "Factory" */;
			productName = Factory;
		};
/* End XCSwiftPackageProductDependency section */
	};
	rootObject = 6954126D2C2479B800AA46FD /* Project object */;
}
