{
  "originHash" : "e460ba81d7fa51bcc6bbfdb162e2e6db13545157d0d8798e033200e20e1081fa",
  "pins" : [
    {
      "identity" : "realm-core",
      "kind" : "remoteSourceControl",
      "location" : "https://github.com/realm/realm-core.git",
      "state" : {
        "revision" : "f3d7ae5f9f31d90b327a64536bb7801cc69fd85b",
        "version" : "14.9.0"
      }
    },
    {
      "identity" : "realm-swift",
      "kind" : "remoteSourceControl",
      "location" : "https://github.com/realm/realm-swift",
      "state" : {
        "revision" : "4c4413abd0cd2221f59318f800960fe5bddc1494",
        "version" : "10.51.0"
      }
    },
    {
      "identity" : "resolver?tab=readme-ov-file",
      "kind" : "remoteSourceControl",
      "location" : "https://github.com/hmlongco/Resolver?tab=readme-ov-file",
      "state" : {
        "revision" : "47602af1ac8d7952299fbd0bda3cfbd12cf3a8ca",
        "version" : "1.5.1"
      }
    }
  ],
  "version" : 3
}
