{
  "originHash" : "be98a74972a53edf82ab5afaea5d8c37e2f8974e21ef81426aab6c9cbd159df4",
  "pins" : [
    {
      "identity" : "kingfisher",
      "kind" : "remoteSourceControl",
      "location" : "https://github.com/onevcat/Kingfisher.git",
      "state" : {
        "revision" : "2ef543ee21d63734e1c004ad6c870255e8716c50",
        "version" : "7.12.0"
      }
    },
    {
      "identity" : "resolver?tab=readme-ov-file",
      "kind" : "remoteSourceControl",
      "location" : "https://github.com/hmlongco/Resolver?tab=readme-ov-file",
      "state" : {
        "revision" : "47602af1ac8d7952299fbd0bda3cfbd12cf3a8ca",
        "version" : "1.5.1"
      }
    }
  ],
  "version" : 3
}
